
Microsoft Visual Studio Solution File, Format Version 12.00
# Visual Studio Version 17
VisualStudioVersion = 17.8.34408.163
MinimumVisualStudioVersion = 10.0.40219.1
Project("{8BC9CEB8-8B4A-11D0-8D11-00A0C91BC942}") = "Annotation_Tool_Video", "Annotation_Tool_Video\Annotation_Tool_Video.vcxproj", "{A8A460CB-6DF1-41AD-8601-462962DC0DE9}"
EndProject
Global
	GlobalSection(SolutionConfigurationPlatforms) = preSolution
		Debug|x64 = Debug|x64
		Release|x64 = Release|x64
	EndGlobalSection
	GlobalSection(ProjectConfigurationPlatforms) = postSolution
		{A8A460CB-6DF1-41AD-8601-462962DC0DE9}.Debug|x64.ActiveCfg = Debug|x64
		{A8A460CB-6DF1-41AD-8601-462962DC0DE9}.Debug|x64.Build.0 = Debug|x64
		{A8A460CB-6DF1-41AD-8601-462962DC0DE9}.Release|x64.ActiveCfg = Release|x64
		{A8A460CB-6DF1-41AD-8601-462962DC0DE9}.Release|x64.Build.0 = Release|x64
	EndGlobalSection
	GlobalSection(SolutionProperties) = preSolution
		HideSolutionNode = FALSE
	EndGlobalSection
	GlobalSection(ExtensibilityGlobals) = postSolution
		SolutionGuid = {BF9136EE-F287-49C2-99EB-D77C0944C8B0}
	EndGlobalSection
EndGlobal
